{
  "name": "gitseek",
  "lockfileVersion": 3,
  "requires": true,
  "packages": {
    "": {
      "dependencies": {
        "@syncfusion/ej2-vue-navigations": "^21.1.37"
      }
    },
    "node_modules/@syncfusion/ej2-base": {
      "version": "21.1.37",
      "resolved": "https://registry.npmjs.org/@syncfusion/ej2-base/-/ej2-base-21.1.37.tgz",
      "integrity": "sha512-vM8MHQiqYW+X+kIwX+cxCrU7VROSG7L00FTMMV9SNCVPFA3CdUYMbPAtTjh5tPeqZVHYVUS3PASMCiW2PW0HMw==",
      "dependencies": {
        "@syncfusion/ej2-icons": "~21.1.37"
      },
      "bin": {
        "syncfusion-license": "bin/syncfusion-license.js"
      }
    },
    "node_modules/@syncfusion/ej2-buttons": {
      "version": "21.1.37",
      "resolved": "https://registry.npmjs.org/@syncfusion/ej2-buttons/-/ej2-buttons-21.1.37.tgz",
      "integrity": "sha512-gGB39ACdKFjDz23sY5Xd3p5GH6BqsBHSgQ5fCRtx/B5kbk3bhqKVw8yAvTM3mHhry0EfaTdL6NXQjT/bxi4nyw==",
      "dependencies": {
        "@syncfusion/ej2-base": "~21.1.37"
      }
    },
    "node_modules/@syncfusion/ej2-data": {
      "version": "21.1.37",
      "resolved": "https://registry.npmjs.org/@syncfusion/ej2-data/-/ej2-data-21.1.37.tgz",
      "integrity": "sha512-+J9leTKZ0zt4q/PtHiCnDb/DyS4cFDZXmVBqHgy08X2fyw6HzHQWaCjnx3dkjnPSZY74mbdjlIst2ORhjJOoXg==",
      "dependencies": {
        "@syncfusion/ej2-base": "~21.1.37"
      }
    },
    "node_modules/@syncfusion/ej2-icons": {
      "version": "21.1.37",
      "resolved": "https://registry.npmjs.org/@syncfusion/ej2-icons/-/ej2-icons-21.1.37.tgz",
      "integrity": "sha512-oJWxxYNcvz4PSsAKsFqwR027c4p6GXsxqDVJGy8tr0L/XT8hpBE+3mHsmSfeOhKyCHg4HCBiT3POVUd9Jg1unw=="
    },
    "node_modules/@syncfusion/ej2-inputs": {
      "version": "21.1.37",
      "resolved": "https://registry.npmjs.org/@syncfusion/ej2-inputs/-/ej2-inputs-21.1.37.tgz",
      "integrity": "sha512-5otOgYjsu+0kLxBllEhOqfI6vkXeb7GR16aCfDJAnaxRTRLLY6i/bFlQvpazj2SR6ru6kIIKdofXpqUqsA9rnA==",
      "dependencies": {
        "@syncfusion/ej2-base": "~21.1.37",
        "@syncfusion/ej2-buttons": "~21.1.37",
        "@syncfusion/ej2-popups": "~21.1.37",
        "@syncfusion/ej2-splitbuttons": "~21.1.37"
      }
    },
    "node_modules/@syncfusion/ej2-lists": {
      "version": "21.1.37",
      "resolved": "https://registry.npmjs.org/@syncfusion/ej2-lists/-/ej2-lists-21.1.37.tgz",
      "integrity": "sha512-TbtgCEyxM2qvGBwnYCZZlFsYiOX0Sx93sWiWNGAuIb/SDWUi+0bLCIKM0udI+tkzaOloGcLfl1OYMx1LH8b41w==",
      "dependencies": {
        "@syncfusion/ej2-base": "~21.1.37",
        "@syncfusion/ej2-buttons": "~21.1.37",
        "@syncfusion/ej2-data": "~21.1.37"
      }
    },
    "node_modules/@syncfusion/ej2-navigations": {
      "version": "21.1.37",
      "resolved": "https://registry.npmjs.org/@syncfusion/ej2-navigations/-/ej2-navigations-21.1.37.tgz",
      "integrity": "sha512-ndKwOP4TPAq1p31YDbuKla7uWFpq81biJ8/3xuwgoxDt0BDHK6dyyN88wyrCAEjNu52LhEeNMPtZxmjMDnnoJw==",
      "dependencies": {
        "@syncfusion/ej2-base": "~21.1.37",
        "@syncfusion/ej2-buttons": "~21.1.37",
        "@syncfusion/ej2-data": "~21.1.37",
        "@syncfusion/ej2-inputs": "~21.1.37",
        "@syncfusion/ej2-lists": "~21.1.37",
        "@syncfusion/ej2-popups": "~21.1.37"
      }
    },
    "node_modules/@syncfusion/ej2-popups": {
      "version": "21.1.37",
      "resolved": "https://registry.npmjs.org/@syncfusion/ej2-popups/-/ej2-popups-21.1.37.tgz",
      "integrity": "sha512-HhU5DmD+kIn/UARC0zIk1AOSJlN+Cni3DAvImvnXs8wX3xGNgAdT5bP3S0gmt/YNFef7jE3uZcqYZvyqfyIpsw==",
      "dependencies": {
        "@syncfusion/ej2-base": "~21.1.37",
        "@syncfusion/ej2-buttons": "~21.1.37"
      }
    },
    "node_modules/@syncfusion/ej2-splitbuttons": {
      "version": "21.1.37",
      "resolved": "https://registry.npmjs.org/@syncfusion/ej2-splitbuttons/-/ej2-splitbuttons-21.1.37.tgz",
      "integrity": "sha512-FbnFilqLHoR/Rv5jOasW+Mzw2MN+MeyqbXi73CzPjCQwkUt9Tlvwa8947t4TrwhcsRTK8qGlfa6Y3jd7dCIJAQ==",
      "dependencies": {
        "@syncfusion/ej2-base": "~21.1.37",
        "@syncfusion/ej2-popups": "~21.1.37"
      }
    },
    "node_modules/@syncfusion/ej2-vue-base": {
      "version": "21.1.37",
      "resolved": "https://registry.npmjs.org/@syncfusion/ej2-vue-base/-/ej2-vue-base-21.1.37.tgz",
      "integrity": "sha512-PvmX4eKcDgHIBjuus3qRst5jliVBBuF5I7FVcLu9Omg3jzabzf+wlDYIIvzFvo/83c8mxAZA/mTx5nkHhxOXGw==",
      "dependencies": {
        "@syncfusion/ej2-base": "~21.1.37"
      }
    },
    "node_modules/@syncfusion/ej2-vue-navigations": {
      "version": "21.1.37",
      "resolved": "https://registry.npmjs.org/@syncfusion/ej2-vue-navigations/-/ej2-vue-navigations-21.1.37.tgz",
      "integrity": "sha512-beBaaP/4Tn0UT4rvmmiMzS+zFfOw234B65X3LT933r2wpmfdCS05fYhYFeMjOPnGYHSr/5QBylVNhpSsCW6RtA==",
      "dependencies": {
        "@syncfusion/ej2-base": "~21.1.37",
        "@syncfusion/ej2-navigations": "21.1.37",
        "@syncfusion/ej2-vue-base": "~21.1.37"
      }
    }
  }
}
